
Microsoft Visual Studio Solution File, Format Version 12.00
# Visual Studio Version 17
VisualStudioVersion = 17.5.002.0
MinimumVisualStudioVersion = 10.0.40219.1
Project("{2150E333-8FDC-42A3-9474-1A3956D46DE8}") = "csharp-prep", "csharp-prep", "{DC271B28-1937-48A6-BE53-517043D80541}"
EndProject
Project("{9A19103F-16F7-4668-BE54-9A1E7A4F7556}") = "Prep1", "csharp-prep\Prep1\Prep1.csproj", "{0C96D7D0-EDED-4641-9FAB-52175FF6D92B}"
EndProject
Project("{9A19103F-16F7-4668-BE54-9A1E7A4F7556}") = "Prep2", "csharp-prep\Prep2\Prep2.csproj", "{4C321D61-00F8-469E-B937-FF5D8ADF1747}"
EndProject
Project("{9A19103F-16F7-4668-BE54-9A1E7A4F7556}") = "Prep3", "csharp-prep\Prep3\Prep3.csproj", "{374796FE-0225-47E4-859D-0941FD3E4061}"
EndProject
Project("{9A19103F-16F7-4668-BE54-9A1E7A4F7556}") = "Prep4", "csharp-prep\Prep4\Prep4.csproj", "{32DA572E-6561-4829-A575-0CDB00008AE6}"
EndProject
Project("{9A19103F-16F7-4668-BE54-9A1E7A4F7556}") = "Prep5", "csharp-prep\Prep5\Prep5.csproj", "{2F9B5ACE-15D1-4B29-B27E-0EF5E31C548D}"
EndProject
Project("{2150E333-8FDC-42A3-9474-1A3956D46DE8}") = "final", "final", "{A8558581-713E-4130-B045-DE1FC1A20628}"
EndProject
Project("{9A19103F-16F7-4668-BE54-9A1E7A4F7556}") = "FinalProject", "final\FinalProject\FinalProject.csproj", "{C4DB4772-9ECF-48C8-8BD6-020D4ED68B8A}"
EndProject
Project("{9A19103F-16F7-4668-BE54-9A1E7A4F7556}") = "Foundation1", "final\Foundation1\Foundation1.csproj", "{F4835F91-2C02-41AB-B978-1FF3D8B45FE7}"
EndProject
Project("{9A19103F-16F7-4668-BE54-9A1E7A4F7556}") = "Foundation2", "final\Foundation2\Foundation2.csproj", "{32B587E5-607B-4F11-90D2-54631EB5CAFC}"
EndProject
Project("{9A19103F-16F7-4668-BE54-9A1E7A4F7556}") = "Foundation3", "final\Foundation3\Foundation3.csproj", "{66C88FE4-4984-4753-9CDC-5B1EC3CA34F9}"
EndProject
Project("{9A19103F-16F7-4668-BE54-9A1E7A4F7556}") = "Foundation4", "final\Foundation4\Foundation4.csproj", "{6D123829-7D7A-4AAF-8DA7-679594F2BDCF}"
EndProject
Project("{2150E333-8FDC-42A3-9474-1A3956D46DE8}") = "prepare", "prepare", "{7ADBCBDD-9DE4-4407-9076-47497C833615}"
EndProject
Project("{9A19103F-16F7-4668-BE54-9A1E7A4F7556}") = "Learning02", "prepare\Learning02\Learning02.csproj", "{571437B7-F494-4926-BEE2-CB0C7438028C}"
EndProject
Project("{9A19103F-16F7-4668-BE54-9A1E7A4F7556}") = "Learning03", "prepare\Learning03\Learning03.csproj", "{463EA973-9B49-4FA3-8F0E-C83ECA6E84D9}"
EndProject
Project("{9A19103F-16F7-4668-BE54-9A1E7A4F7556}") = "Learning04", "prepare\Learning04\Learning04.csproj", "{46F4C87E-072C-4630-B0BC-0CED9B50112F}"
EndProject
Project("{9A19103F-16F7-4668-BE54-9A1E7A4F7556}") = "Learning05", "prepare\Learning05\Learning05.csproj", "{BB7D4E6D-64BA-4180-A077-908F843C8F18}"
EndProject
Project("{2150E333-8FDC-42A3-9474-1A3956D46DE8}") = "prove", "prove", "{CDFD7FC2-03EC-48AC-BDB7-3D365DACA066}"
EndProject
Project("{9A19103F-16F7-4668-BE54-9A1E7A4F7556}") = "Develop02", "prove\Develop02\Develop02.csproj", "{B859AD0E-4B77-4819-8D5F-76304FAE5196}"
EndProject
Project("{9A19103F-16F7-4668-BE54-9A1E7A4F7556}") = "Develop03", "prove\Develop03\Develop03.csproj", "{B52F21C4-3A8B-4AD4-8BDC-C1B008CAF2A7}"
EndProject
Project("{9A19103F-16F7-4668-BE54-9A1E7A4F7556}") = "Develop04", "prove\Develop04\Develop04.csproj", "{A11B2703-EDB0-4C06-AA96-17767799D7E7}"
EndProject
Project("{9A19103F-16F7-4668-BE54-9A1E7A4F7556}") = "Develop05", "prove\Develop05\Develop05.csproj", "{3D6039D5-38E6-4871-8121-DD21291999DC}"
EndProject
Project("{2150E333-8FDC-42A3-9474-1A3956D46DE8}") = "sandbox", "sandbox", "{0CDEC0B1-490E-4442-96AA-EE078A31DDB1}"
EndProject
Project("{9A19103F-16F7-4668-BE54-9A1E7A4F7556}") = "Sandbox", "sandbox\Sandbox\Sandbox.csproj", "{9062E248-A807-4568-84EE-3E024E3F6050}"
EndProject
Global
	GlobalSection(SolutionConfigurationPlatforms) = preSolution
		Debug|Any CPU = Debug|Any CPU
		Release|Any CPU = Release|Any CPU
	EndGlobalSection
	GlobalSection(ProjectConfigurationPlatforms) = postSolution
		{0C96D7D0-EDED-4641-9FAB-52175FF6D92B}.Debug|Any CPU.ActiveCfg = Debug|Any CPU
		{0C96D7D0-EDED-4641-9FAB-52175FF6D92B}.Debug|Any CPU.Build.0 = Debug|Any CPU
		{0C96D7D0-EDED-4641-9FAB-52175FF6D92B}.Release|Any CPU.ActiveCfg = Release|Any CPU
		{0C96D7D0-EDED-4641-9FAB-52175FF6D92B}.Release|Any CPU.Build.0 = Release|Any CPU
		{4C321D61-00F8-469E-B937-FF5D8ADF1747}.Debug|Any CPU.ActiveCfg = Debug|Any CPU
		{4C321D61-00F8-469E-B937-FF5D8ADF1747}.Debug|Any CPU.Build.0 = Debug|Any CPU
		{4C321D61-00F8-469E-B937-FF5D8ADF1747}.Release|Any CPU.ActiveCfg = Release|Any CPU
		{4C321D61-00F8-469E-B937-FF5D8ADF1747}.Release|Any CPU.Build.0 = Release|Any CPU
		{374796FE-0225-47E4-859D-0941FD3E4061}.Debug|Any CPU.ActiveCfg = Debug|Any CPU
		{374796FE-0225-47E4-859D-0941FD3E4061}.Debug|Any CPU.Build.0 = Debug|Any CPU
		{374796FE-0225-47E4-859D-0941FD3E4061}.Release|Any CPU.ActiveCfg = Release|Any CPU
		{374796FE-0225-47E4-859D-0941FD3E4061}.Release|Any CPU.Build.0 = Release|Any CPU
		{32DA572E-6561-4829-A575-0CDB00008AE6}.Debug|Any CPU.ActiveCfg = Debug|Any CPU
		{32DA572E-6561-4829-A575-0CDB00008AE6}.Debug|Any CPU.Build.0 = Debug|Any CPU
		{32DA572E-6561-4829-A575-0CDB00008AE6}.Release|Any CPU.ActiveCfg = Release|Any CPU
		{32DA572E-6561-4829-A575-0CDB00008AE6}.Release|Any CPU.Build.0 = Release|Any CPU
		{2F9B5ACE-15D1-4B29-B27E-0EF5E31C548D}.Debug|Any CPU.ActiveCfg = Debug|Any CPU
		{2F9B5ACE-15D1-4B29-B27E-0EF5E31C548D}.Debug|Any CPU.Build.0 = Debug|Any CPU
		{2F9B5ACE-15D1-4B29-B27E-0EF5E31C548D}.Release|Any CPU.ActiveCfg = Release|Any CPU
		{2F9B5ACE-15D1-4B29-B27E-0EF5E31C548D}.Release|Any CPU.Build.0 = Release|Any CPU
		{C4DB4772-9ECF-48C8-8BD6-020D4ED68B8A}.Debug|Any CPU.ActiveCfg = Debug|Any CPU
		{C4DB4772-9ECF-48C8-8BD6-020D4ED68B8A}.Debug|Any CPU.Build.0 = Debug|Any CPU
		{C4DB4772-9ECF-48C8-8BD6-020D4ED68B8A}.Release|Any CPU.ActiveCfg = Release|Any CPU
		{C4DB4772-9ECF-48C8-8BD6-020D4ED68B8A}.Release|Any CPU.Build.0 = Release|Any CPU
		{F4835F91-2C02-41AB-B978-1FF3D8B45FE7}.Debug|Any CPU.ActiveCfg = Debug|Any CPU
		{F4835F91-2C02-41AB-B978-1FF3D8B45FE7}.Debug|Any CPU.Build.0 = Debug|Any CPU
		{F4835F91-2C02-41AB-B978-1FF3D8B45FE7}.Release|Any CPU.ActiveCfg = Release|Any CPU
		{F4835F91-2C02-41AB-B978-1FF3D8B45FE7}.Release|Any CPU.Build.0 = Release|Any CPU
		{32B587E5-607B-4F11-90D2-54631EB5CAFC}.Debug|Any CPU.ActiveCfg = Debug|Any CPU
		{32B587E5-607B-4F11-90D2-54631EB5CAFC}.Debug|Any CPU.Build.0 = Debug|Any CPU
		{32B587E5-607B-4F11-90D2-54631EB5CAFC}.Release|Any CPU.ActiveCfg = Release|Any CPU
		{32B587E5-607B-4F11-90D2-54631EB5CAFC}.Release|Any CPU.Build.0 = Release|Any CPU
		{66C88FE4-4984-4753-9CDC-5B1EC3CA34F9}.Debug|Any CPU.ActiveCfg = Debug|Any CPU
		{66C88FE4-4984-4753-9CDC-5B1EC3CA34F9}.Debug|Any CPU.Build.0 = Debug|Any CPU
		{66C88FE4-4984-4753-9CDC-5B1EC3CA34F9}.Release|Any CPU.ActiveCfg = Release|Any CPU
		{66C88FE4-4984-4753-9CDC-5B1EC3CA34F9}.Release|Any CPU.Build.0 = Release|Any CPU
		{6D123829-7D7A-4AAF-8DA7-679594F2BDCF}.Debug|Any CPU.ActiveCfg = Debug|Any CPU
		{6D123829-7D7A-4AAF-8DA7-679594F2BDCF}.Debug|Any CPU.Build.0 = Debug|Any CPU
		{6D123829-7D7A-4AAF-8DA7-679594F2BDCF}.Release|Any CPU.ActiveCfg = Release|Any CPU
		{6D123829-7D7A-4AAF-8DA7-679594F2BDCF}.Release|Any CPU.Build.0 = Release|Any CPU
		{571437B7-F494-4926-BEE2-CB0C7438028C}.Debug|Any CPU.ActiveCfg = Debug|Any CPU
		{571437B7-F494-4926-BEE2-CB0C7438028C}.Debug|Any CPU.Build.0 = Debug|Any CPU
		{571437B7-F494-4926-BEE2-CB0C7438028C}.Release|Any CPU.ActiveCfg = Release|Any CPU
		{571437B7-F494-4926-BEE2-CB0C7438028C}.Release|Any CPU.Build.0 = Release|Any CPU
		{463EA973-9B49-4FA3-8F0E-C83ECA6E84D9}.Debug|Any CPU.ActiveCfg = Debug|Any CPU
		{463EA973-9B49-4FA3-8F0E-C83ECA6E84D9}.Debug|Any CPU.Build.0 = Debug|Any CPU
		{463EA973-9B49-4FA3-8F0E-C83ECA6E84D9}.Release|Any CPU.ActiveCfg = Release|Any CPU
		{463EA973-9B49-4FA3-8F0E-C83ECA6E84D9}.Release|Any CPU.Build.0 = Release|Any CPU
		{46F4C87E-072C-4630-B0BC-0CED9B50112F}.Debug|Any CPU.ActiveCfg = Debug|Any CPU
		{46F4C87E-072C-4630-B0BC-0CED9B50112F}.Debug|Any CPU.Build.0 = Debug|Any CPU
		{46F4C87E-072C-4630-B0BC-0CED9B50112F}.Release|Any CPU.ActiveCfg = Release|Any CPU
		{46F4C87E-072C-4630-B0BC-0CED9B50112F}.Release|Any CPU.Build.0 = Release|Any CPU
		{BB7D4E6D-64BA-4180-A077-908F843C8F18}.Debug|Any CPU.ActiveCfg = Debug|Any CPU
		{BB7D4E6D-64BA-4180-A077-908F843C8F18}.Debug|Any CPU.Build.0 = Debug|Any CPU
		{BB7D4E6D-64BA-4180-A077-908F843C8F18}.Release|Any CPU.ActiveCfg = Release|Any CPU
		{BB7D4E6D-64BA-4180-A077-908F843C8F18}.Release|Any CPU.Build.0 = Release|Any CPU
		{B859AD0E-4B77-4819-8D5F-76304FAE5196}.Debug|Any CPU.ActiveCfg = Debug|Any CPU
		{B859AD0E-4B77-4819-8D5F-76304FAE5196}.Debug|Any CPU.Build.0 = Debug|Any CPU
		{B859AD0E-4B77-4819-8D5F-76304FAE5196}.Release|Any CPU.ActiveCfg = Release|Any CPU
		{B859AD0E-4B77-4819-8D5F-76304FAE5196}.Release|Any CPU.Build.0 = Release|Any CPU
		{B52F21C4-3A8B-4AD4-8BDC-C1B008CAF2A7}.Debug|Any CPU.ActiveCfg = Debug|Any CPU
		{B52F21C4-3A8B-4AD4-8BDC-C1B008CAF2A7}.Debug|Any CPU.Build.0 = Debug|Any CPU
		{B52F21C4-3A8B-4AD4-8BDC-C1B008CAF2A7}.Release|Any CPU.ActiveCfg = Release|Any CPU
		{B52F21C4-3A8B-4AD4-8BDC-C1B008CAF2A7}.Release|Any CPU.Build.0 = Release|Any CPU
		{A11B2703-EDB0-4C06-AA96-17767799D7E7}.Debug|Any CPU.ActiveCfg = Debug|Any CPU
		{A11B2703-EDB0-4C06-AA96-17767799D7E7}.Debug|Any CPU.Build.0 = Debug|Any CPU
		{A11B2703-EDB0-4C06-AA96-17767799D7E7}.Release|Any CPU.ActiveCfg = Release|Any CPU
		{A11B2703-EDB0-4C06-AA96-17767799D7E7}.Release|Any CPU.Build.0 = Release|Any CPU
		{3D6039D5-38E6-4871-8121-DD21291999DC}.Debug|Any CPU.ActiveCfg = Debug|Any CPU
		{3D6039D5-38E6-4871-8121-DD21291999DC}.Debug|Any CPU.Build.0 = Debug|Any CPU
		{3D6039D5-38E6-4871-8121-DD21291999DC}.Release|Any CPU.ActiveCfg = Release|Any CPU
		{3D6039D5-38E6-4871-8121-DD21291999DC}.Release|Any CPU.Build.0 = Release|Any CPU
		{9062E248-A807-4568-84EE-3E024E3F6050}.Debug|Any CPU.ActiveCfg = Debug|Any CPU
		{9062E248-A807-4568-84EE-3E024E3F6050}.Debug|Any CPU.Build.0 = Debug|Any CPU
		{9062E248-A807-4568-84EE-3E024E3F6050}.Release|Any CPU.ActiveCfg = Release|Any CPU
		{9062E248-A807-4568-84EE-3E024E3F6050}.Release|Any CPU.Build.0 = Release|Any CPU
	EndGlobalSection
	GlobalSection(SolutionProperties) = preSolution
		HideSolutionNode = FALSE
	EndGlobalSection
	GlobalSection(NestedProjects) = preSolution
		{0C96D7D0-EDED-4641-9FAB-52175FF6D92B} = {DC271B28-1937-48A6-BE53-517043D80541}
		{4C321D61-00F8-469E-B937-FF5D8ADF1747} = {DC271B28-1937-48A6-BE53-517043D80541}
		{374796FE-0225-47E4-859D-0941FD3E4061} = {DC271B28-1937-48A6-BE53-517043D80541}
		{32DA572E-6561-4829-A575-0CDB00008AE6} = {DC271B28-1937-48A6-BE53-517043D80541}
		{2F9B5ACE-15D1-4B29-B27E-0EF5E31C548D} = {DC271B28-1937-48A6-BE53-517043D80541}
		{C4DB4772-9ECF-48C8-8BD6-020D4ED68B8A} = {A8558581-713E-4130-B045-DE1FC1A20628}
		{F4835F91-2C02-41AB-B978-1FF3D8B45FE7} = {A8558581-713E-4130-B045-DE1FC1A20628}
		{32B587E5-607B-4F11-90D2-54631EB5CAFC} = {A8558581-713E-4130-B045-DE1FC1A20628}
		{66C88FE4-4984-4753-9CDC-5B1EC3CA34F9} = {A8558581-713E-4130-B045-DE1FC1A20628}
		{6D123829-7D7A-4AAF-8DA7-679594F2BDCF} = {A8558581-713E-4130-B045-DE1FC1A20628}
		{571437B7-F494-4926-BEE2-CB0C7438028C} = {7ADBCBDD-9DE4-4407-9076-47497C833615}
		{463EA973-9B49-4FA3-8F0E-C83ECA6E84D9} = {7ADBCBDD-9DE4-4407-9076-47497C833615}
		{46F4C87E-072C-4630-B0BC-0CED9B50112F} = {7ADBCBDD-9DE4-4407-9076-47497C833615}
		{BB7D4E6D-64BA-4180-A077-908F843C8F18} = {7ADBCBDD-9DE4-4407-9076-47497C833615}
		{B859AD0E-4B77-4819-8D5F-76304FAE5196} = {CDFD7FC2-03EC-48AC-BDB7-3D365DACA066}
		{B52F21C4-3A8B-4AD4-8BDC-C1B008CAF2A7} = {CDFD7FC2-03EC-48AC-BDB7-3D365DACA066}
		{A11B2703-EDB0-4C06-AA96-17767799D7E7} = {CDFD7FC2-03EC-48AC-BDB7-3D365DACA066}
		{3D6039D5-38E6-4871-8121-DD21291999DC} = {CDFD7FC2-03EC-48AC-BDB7-3D365DACA066}
		{9062E248-A807-4568-84EE-3E024E3F6050} = {0CDEC0B1-490E-4442-96AA-EE078A31DDB1}
	EndGlobalSection
	GlobalSection(ExtensibilityGlobals) = postSolution
		SolutionGuid = {FA951387-96C2-4DE5-BEA8-9BD592DBA02F}
	EndGlobalSection
EndGlobal
